// !$*UTF8*$!
{
	archiveVersion = 1;
	classes = {
	};
	objectVersion = 51;
	objects = {

/* Begin PBXBuildFile section */
		139E244F0976E1C70C47BC04 /* Pods_Bluetooth_Peripheral_Scanner.framework in Frameworks */ = {isa = PBXBuildFile; fileRef = 61159A7DFFCB8DAFE56AD23E /* Pods_Bluetooth_Peripheral_Scanner.framework */; };
		84A84B2C24DED3A7001CCB2C /* AppDelegate.swift in Sources */ = {isa = PBXBuildFile; fileRef = 84A84B2B24DED3A7001CCB2C /* AppDelegate.swift */; };
		84A84B3524DED3B0001CCB2C /* Assets.xcassets in Resources */ = {isa = PBXBuildFile; fileRef = 84A84B3424DED3B0001CCB2C /* Assets.xcassets */; };
		84A84B3824DED3B0001CCB2C /* LaunchScreen.storyboard in Resources */ = {isa = PBXBuildFile; fileRef = 84A84B3624DED3B0001CCB2C /* LaunchScreen.storyboard */; };
		84A84B4924DED6C7001CCB2C /* Dependencies.swift in Sources */ = {isa = PBXBuildFile; fileRef = 84A84B4824DED6C7001CCB2C /* Dependencies.swift */; };
		84A84B4C24DED6E9001CCB2C /* RootViewController.swift in Sources */ = {isa = PBXBuildFile; fileRef = 84A84B4B24DED6E9001CCB2C /* RootViewController.swift */; };
		84A84B4E24DED730001CCB2C /* Constants.swift in Sources */ = {isa = PBXBuildFile; fileRef = 84A84B4D24DED730001CCB2C /* Constants.swift */; };
		84A84B5024DED770001CCB2C /* AppStyling.swift in Sources */ = {isa = PBXBuildFile; fileRef = 84A84B4F24DED770001CCB2C /* AppStyling.swift */; };
		84A84B5324DED88A001CCB2C /* String+Extension.swift in Sources */ = {isa = PBXBuildFile; fileRef = 84A84B5224DED88A001CCB2C /* String+Extension.swift */; };
		84A84B5724DED8A3001CCB2C /* AppLanguage.swift in Sources */ = {isa = PBXBuildFile; fileRef = 84A84B5624DED8A3001CCB2C /* AppLanguage.swift */; };
		84A84B5E24DED97D001CCB2C /* Localizable.swift in Sources */ = {isa = PBXBuildFile; fileRef = 84A84B5D24DED97D001CCB2C /* Localizable.swift */; };
		84A84B6124DED9FC001CCB2C /* KeysForTranslate.swift in Sources */ = {isa = PBXBuildFile; fileRef = 84A84B6024DED9FC001CCB2C /* KeysForTranslate.swift */; };
		84A84B6724DEDB54001CCB2C /* ModalTransition.swift in Sources */ = {isa = PBXBuildFile; fileRef = 84A84B6324DEDB52001CCB2C /* ModalTransition.swift */; };
		84A84B6824DEDB54001CCB2C /* PushTransition.swift in Sources */ = {isa = PBXBuildFile; fileRef = 84A84B6424DEDB52001CCB2C /* PushTransition.swift */; };
		84A84B6924DEDB54001CCB2C /* Router.swift in Sources */ = {isa = PBXBuildFile; fileRef = 84A84B6624DEDB53001CCB2C /* Router.swift */; };
		84A84B7924DEDB72001CCB2C /* Closable.swift in Sources */ = {isa = PBXBuildFile; fileRef = 84A84B6D24DEDB70001CCB2C /* Closable.swift */; };
		84A84B7A24DEDB72001CCB2C /* ConfigureProtocol.swift in Sources */ = {isa = PBXBuildFile; fileRef = 84A84B6F24DEDB70001CCB2C /* ConfigureProtocol.swift */; };
		84A84B7B24DEDB72001CCB2C /* Routes.swift in Sources */ = {isa = PBXBuildFile; fileRef = 84A84B7124DEDB71001CCB2C /* Routes.swift */; };
		84A84B7C24DEDB72001CCB2C /* Animator.swift in Sources */ = {isa = PBXBuildFile; fileRef = 84A84B7324DEDB71001CCB2C /* Animator.swift */; };
		84A84B7D24DEDB72001CCB2C /* RouterProtocol.swift in Sources */ = {isa = PBXBuildFile; fileRef = 84A84B7524DEDB71001CCB2C /* RouterProtocol.swift */; };
		84A84B7E24DEDB72001CCB2C /* Transition.swift in Sources */ = {isa = PBXBuildFile; fileRef = 84A84B7724DEDB72001CCB2C /* Transition.swift */; };
		84A84B8024DEDBB4001CCB2C /* ReuseIdentifierProtocol.swift in Sources */ = {isa = PBXBuildFile; fileRef = 84A84B7F24DEDBB4001CCB2C /* ReuseIdentifierProtocol.swift */; };
		84A84B8924DEDFED001CCB2C /* DeviceListModule.swift in Sources */ = {isa = PBXBuildFile; fileRef = 84A84B8524DEDFED001CCB2C /* DeviceListModule.swift */; };
		84A84B8A24DEDFED001CCB2C /* DeviceListRouter.swift in Sources */ = {isa = PBXBuildFile; fileRef = 84A84B8624DEDFED001CCB2C /* DeviceListRouter.swift */; };
		84A84B8B24DEDFED001CCB2C /* DeviceListViewController.swift in Sources */ = {isa = PBXBuildFile; fileRef = 84A84B8724DEDFED001CCB2C /* DeviceListViewController.swift */; };
		84A84B8C24DEDFED001CCB2C /* DeviceListViewModel.swift in Sources */ = {isa = PBXBuildFile; fileRef = 84A84B8824DEDFED001CCB2C /* DeviceListViewModel.swift */; };
		84A84B9224DEE1DD001CCB2C /* NavigationController.swift in Sources */ = {isa = PBXBuildFile; fileRef = 84A84B9124DEE1DD001CCB2C /* NavigationController.swift */; };
		84A84B9324DEE3E0001CCB2C /* Localizable.strings in Resources */ = {isa = PBXBuildFile; fileRef = 84A84B9524DEE3E0001CCB2C /* Localizable.strings */; };
/* End PBXBuildFile section */

/* Begin PBXFileReference section */
		61159A7DFFCB8DAFE56AD23E /* Pods_Bluetooth_Peripheral_Scanner.framework */ = {isa = PBXFileReference; explicitFileType = wrapper.framework; includeInIndex = 0; path = Pods_Bluetooth_Peripheral_Scanner.framework; sourceTree = BUILT_PRODUCTS_DIR; };
		84A84B2824DED3A7001CCB2C /* Bluetooth-Peripheral-Scanner.app */ = {isa = PBXFileReference; explicitFileType = wrapper.application; includeInIndex = 0; path = "Bluetooth-Peripheral-Scanner.app"; sourceTree = BUILT_PRODUCTS_DIR; };
		84A84B2B24DED3A7001CCB2C /* AppDelegate.swift */ = {isa = PBXFileReference; lastKnownFileType = sourcecode.swift; path = AppDelegate.swift; sourceTree = "<group>"; };
		84A84B3424DED3B0001CCB2C /* Assets.xcassets */ = {isa = PBXFileReference; lastKnownFileType = folder.assetcatalog; path = Assets.xcassets; sourceTree = "<group>"; };
		84A84B3724DED3B0001CCB2C /* Base */ = {isa = PBXFileReference; lastKnownFileType = file.storyboard; name = Base; path = Base.lproj/LaunchScreen.storyboard; sourceTree = "<group>"; };
		84A84B3924DED3B0001CCB2C /* Info.plist */ = {isa = PBXFileReference; lastKnownFileType = text.plist.xml; path = Info.plist; sourceTree = "<group>"; };
		84A84B4824DED6C7001CCB2C /* Dependencies.swift */ = {isa = PBXFileReference; lastKnownFileType = sourcecode.swift; path = Dependencies.swift; sourceTree = "<group>"; };
		84A84B4B24DED6E9001CCB2C /* RootViewController.swift */ = {isa = PBXFileReference; lastKnownFileType = sourcecode.swift; path = RootViewController.swift; sourceTree = "<group>"; };
		84A84B4D24DED730001CCB2C /* Constants.swift */ = {isa = PBXFileReference; lastKnownFileType = sourcecode.swift; path = Constants.swift; sourceTree = "<group>"; };
		84A84B4F24DED770001CCB2C /* AppStyling.swift */ = {isa = PBXFileReference; lastKnownFileType = sourcecode.swift; path = AppStyling.swift; sourceTree = "<group>"; };
		84A84B5224DED88A001CCB2C /* String+Extension.swift */ = {isa = PBXFileReference; lastKnownFileType = sourcecode.swift; path = "String+Extension.swift"; sourceTree = "<group>"; };
		84A84B5624DED8A3001CCB2C /* AppLanguage.swift */ = {isa = PBXFileReference; lastKnownFileType = sourcecode.swift; path = AppLanguage.swift; sourceTree = "<group>"; };
		84A84B5D24DED97D001CCB2C /* Localizable.swift */ = {isa = PBXFileReference; lastKnownFileType = sourcecode.swift; path = Localizable.swift; sourceTree = "<group>"; };
		84A84B6024DED9FC001CCB2C /* KeysForTranslate.swift */ = {isa = PBXFileReference; lastKnownFileType = sourcecode.swift; path = KeysForTranslate.swift; sourceTree = "<group>"; };
		84A84B6324DEDB52001CCB2C /* ModalTransition.swift */ = {isa = PBXFileReference; fileEncoding = 4; lastKnownFileType = sourcecode.swift; path = ModalTransition.swift; sourceTree = "<group>"; };
		84A84B6424DEDB52001CCB2C /* PushTransition.swift */ = {isa = PBXFileReference; fileEncoding = 4; lastKnownFileType = sourcecode.swift; path = PushTransition.swift; sourceTree = "<group>"; };
		84A84B6624DEDB53001CCB2C /* Router.swift */ = {isa = PBXFileReference; fileEncoding = 4; lastKnownFileType = sourcecode.swift; path = Router.swift; sourceTree = "<group>"; };
		84A84B6D24DEDB70001CCB2C /* Closable.swift */ = {isa = PBXFileReference; fileEncoding = 4; lastKnownFileType = sourcecode.swift; path = Closable.swift; sourceTree = "<group>"; };
		84A84B6F24DEDB70001CCB2C /* ConfigureProtocol.swift */ = {isa = PBXFileReference; fileEncoding = 4; lastKnownFileType = sourcecode.swift; path = ConfigureProtocol.swift; sourceTree = "<group>"; };
		84A84B7124DEDB71001CCB2C /* Routes.swift */ = {isa = PBXFileReference; fileEncoding = 4; lastKnownFileType = sourcecode.swift; path = Routes.swift; sourceTree = "<group>"; };
		84A84B7324DEDB71001CCB2C /* Animator.swift */ = {isa = PBXFileReference; fileEncoding = 4; lastKnownFileType = sourcecode.swift; path = Animator.swift; sourceTree = "<group>"; };
		84A84B7524DEDB71001CCB2C /* RouterProtocol.swift */ = {isa = PBXFileReference; fileEncoding = 4; lastKnownFileType = sourcecode.swift; path = RouterProtocol.swift; sourceTree = "<group>"; };
		84A84B7724DEDB72001CCB2C /* Transition.swift */ = {isa = PBXFileReference; fileEncoding = 4; lastKnownFileType = sourcecode.swift; path = Transition.swift; sourceTree = "<group>"; };
		84A84B7F24DEDBB4001CCB2C /* ReuseIdentifierProtocol.swift */ = {isa = PBXFileReference; fileEncoding = 4; lastKnownFileType = sourcecode.swift; path = ReuseIdentifierProtocol.swift; sourceTree = "<group>"; };
		84A84B8524DEDFED001CCB2C /* DeviceListModule.swift */ = {isa = PBXFileReference; lastKnownFileType = sourcecode.swift; path = DeviceListModule.swift; sourceTree = "<group>"; };
		84A84B8624DEDFED001CCB2C /* DeviceListRouter.swift */ = {isa = PBXFileReference; lastKnownFileType = sourcecode.swift; path = DeviceListRouter.swift; sourceTree = "<group>"; };
		84A84B8724DEDFED001CCB2C /* DeviceListViewController.swift */ = {isa = PBXFileReference; lastKnownFileType = sourcecode.swift; path = DeviceListViewController.swift; sourceTree = "<group>"; };
		84A84B8824DEDFED001CCB2C /* DeviceListViewModel.swift */ = {isa = PBXFileReference; lastKnownFileType = sourcecode.swift; path = DeviceListViewModel.swift; sourceTree = "<group>"; };
		84A84B9124DEE1DD001CCB2C /* NavigationController.swift */ = {isa = PBXFileReference; lastKnownFileType = sourcecode.swift; path = NavigationController.swift; sourceTree = "<group>"; };
		84A84B9424DEE3E0001CCB2C /* en */ = {isa = PBXFileReference; lastKnownFileType = text.plist.strings; name = en; path = en.lproj/Localizable.strings; sourceTree = "<group>"; };
		A3A24EB29416DB900FC4499B /* Pods-Bluetooth-Peripheral-Scanner.debug.xcconfig */ = {isa = PBXFileReference; includeInIndex = 1; lastKnownFileType = text.xcconfig; name = "Pods-Bluetooth-Peripheral-Scanner.debug.xcconfig"; path = "Target Support Files/Pods-Bluetooth-Peripheral-Scanner/Pods-Bluetooth-Peripheral-Scanner.debug.xcconfig"; sourceTree = "<group>"; };
		E822A526E2E3B066C3F61EAC /* Pods-Bluetooth-Peripheral-Scanner.release.xcconfig */ = {isa = PBXFileReference; includeInIndex = 1; lastKnownFileType = text.xcconfig; name = "Pods-Bluetooth-Peripheral-Scanner.release.xcconfig"; path = "Target Support Files/Pods-Bluetooth-Peripheral-Scanner/Pods-Bluetooth-Peripheral-Scanner.release.xcconfig"; sourceTree = "<group>"; };
/* End PBXFileReference section */

/* Begin PBXFrameworksBuildPhase section */
		84A84B2524DED3A7001CCB2C /* Frameworks */ = {
			isa = PBXFrameworksBuildPhase;
			buildActionMask = 2147483647;
			files = (
				139E244F0976E1C70C47BC04 /* Pods_Bluetooth_Peripheral_Scanner.framework in Frameworks */,
			);
			runOnlyForDeploymentPostprocessing = 0;
		};
/* End PBXFrameworksBuildPhase section */

/* Begin PBXGroup section */
		066ED8F16673B37C1662F665 /* Frameworks */ = {
			isa = PBXGroup;
			children = (
				61159A7DFFCB8DAFE56AD23E /* Pods_Bluetooth_Peripheral_Scanner.framework */,
			);
			name = Frameworks;
			sourceTree = "<group>";
		};
		84A84B1F24DED3A7001CCB2C = {
			isa = PBXGroup;
			children = (
				84A84B2A24DED3A7001CCB2C /* Bluetooth-Peripheral-Scanner */,
				84A84B2924DED3A7001CCB2C /* Products */,
				9F990397BB57EC91D93D32FE /* Pods */,
				066ED8F16673B37C1662F665 /* Frameworks */,
			);
			sourceTree = "<group>";
		};
		84A84B2924DED3A7001CCB2C /* Products */ = {
			isa = PBXGroup;
			children = (
				84A84B2824DED3A7001CCB2C /* Bluetooth-Peripheral-Scanner.app */,
			);
			name = Products;
			sourceTree = "<group>";
		};
		84A84B2A24DED3A7001CCB2C /* Bluetooth-Peripheral-Scanner */ = {
			isa = PBXGroup;
			children = (
				84A84B8124DEDFB3001CCB2C /* Modules */,
				84A84B4424DED69F001CCB2C /* Utilities */,
				84A84B3F24DED640001CCB2C /* Resources */,
			);
			path = "Bluetooth-Peripheral-Scanner";
			sourceTree = "<group>";
		};
		84A84B3F24DED640001CCB2C /* Resources */ = {
			isa = PBXGroup;
			children = (
				84A84B4324DED670001CCB2C /* InfoPlist */,
				84A84B4224DED65F001CCB2C /* LaunchScreen */,
				84A84B4124DED64F001CCB2C /* Assets */,
				84A84B4024DED647001CCB2C /* AppDelegate */,
			);
			path = Resources;
			sourceTree = "<group>";
		};
		84A84B4024DED647001CCB2C /* AppDelegate */ = {
			isa = PBXGroup;
			children = (
				84A84B2B24DED3A7001CCB2C /* AppDelegate.swift */,
			);
			path = AppDelegate;
			sourceTree = "<group>";
		};
		84A84B4124DED64F001CCB2C /* Assets */ = {
			isa = PBXGroup;
			children = (
				84A84B3424DED3B0001CCB2C /* Assets.xcassets */,
			);
			path = Assets;
			sourceTree = "<group>";
		};
		84A84B4224DED65F001CCB2C /* LaunchScreen */ = {
			isa = PBXGroup;
			children = (
				84A84B3624DED3B0001CCB2C /* LaunchScreen.storyboard */,
			);
			path = LaunchScreen;
			sourceTree = "<group>";
		};
		84A84B4324DED670001CCB2C /* InfoPlist */ = {
			isa = PBXGroup;
			children = (
				84A84B3924DED3B0001CCB2C /* Info.plist */,
			);
			path = InfoPlist;
			sourceTree = "<group>";
		};
		84A84B4424DED69F001CCB2C /* Utilities */ = {
			isa = PBXGroup;
			children = (
				84A84B9024DEE1CE001CCB2C /* NavigationController */,
				84A84B6524DEDB53001CCB2C /* Router */,
				84A84B6224DEDB52001CCB2C /* Transitions */,
				84A84B5F24DED9E9001CCB2C /* KeysForTranslate */,
				84A84B5B24DED946001CCB2C /* Protocols */,
				84A84B5824DED917001CCB2C /* LocalizableStrings */,
				84A84B5424DED88E001CCB2C /* Enums */,
				84A84B5124DED878001CCB2C /* Extensions */,
				84A84B4A24DED6E0001CCB2C /* RootViewController */,
				84A84B4724DED6BB001CCB2C /* Dependencies */,
				84A84B4624DED6B0001CCB2C /* Constants */,
				84A84B4524DED6A7001CCB2C /* AppStyling */,
			);
			path = Utilities;
			sourceTree = "<group>";
		};
		84A84B4524DED6A7001CCB2C /* AppStyling */ = {
			isa = PBXGroup;
			children = (
				84A84B4F24DED770001CCB2C /* AppStyling.swift */,
			);
			path = AppStyling;
			sourceTree = "<group>";
		};
		84A84B4624DED6B0001CCB2C /* Constants */ = {
			isa = PBXGroup;
			children = (
				84A84B4D24DED730001CCB2C /* Constants.swift */,
			);
			path = Constants;
			sourceTree = "<group>";
		};
		84A84B4724DED6BB001CCB2C /* Dependencies */ = {
			isa = PBXGroup;
			children = (
				84A84B4824DED6C7001CCB2C /* Dependencies.swift */,
			);
			path = Dependencies;
			sourceTree = "<group>";
		};
		84A84B4A24DED6E0001CCB2C /* RootViewController */ = {
			isa = PBXGroup;
			children = (
				84A84B4B24DED6E9001CCB2C /* RootViewController.swift */,
			);
			path = RootViewController;
			sourceTree = "<group>";
		};
		84A84B5124DED878001CCB2C /* Extensions */ = {
			isa = PBXGroup;
			children = (
				84A84B5224DED88A001CCB2C /* String+Extension.swift */,
			);
			path = Extensions;
			sourceTree = "<group>";
		};
		84A84B5424DED88E001CCB2C /* Enums */ = {
			isa = PBXGroup;
			children = (
				84A84B5524DED895001CCB2C /* AppLanguage */,
			);
			path = Enums;
			sourceTree = "<group>";
		};
		84A84B5524DED895001CCB2C /* AppLanguage */ = {
			isa = PBXGroup;
			children = (
				84A84B5624DED8A3001CCB2C /* AppLanguage.swift */,
			);
			path = AppLanguage;
			sourceTree = "<group>";
		};
		84A84B5824DED917001CCB2C /* LocalizableStrings */ = {
			isa = PBXGroup;
			children = (
				84A84B9524DEE3E0001CCB2C /* Localizable.strings */,
			);
			path = LocalizableStrings;
			sourceTree = "<group>";
		};
		84A84B5B24DED946001CCB2C /* Protocols */ = {
			isa = PBXGroup;
			children = (
				84A84B7224DEDB71001CCB2C /* Animator */,
				84A84B6A24DEDB70001CCB2C /* ReuseIdentifierProtocol */,
				84A84B6C24DEDB70001CCB2C /* Closable */,
				84A84B6E24DEDB70001CCB2C /* ConfigureProtocol */,
				84A84B7424DEDB71001CCB2C /* RouterProtocol */,
				84A84B7024DEDB71001CCB2C /* Routes */,
				84A84B7624DEDB71001CCB2C /* Transition */,
				84A84B5C24DED972001CCB2C /* Localizable */,
			);
			path = Protocols;
			sourceTree = "<group>";
		};
		84A84B5C24DED972001CCB2C /* Localizable */ = {
			isa = PBXGroup;
			children = (
				84A84B5D24DED97D001CCB2C /* Localizable.swift */,
			);
			path = Localizable;
			sourceTree = "<group>";
		};
		84A84B5F24DED9E9001CCB2C /* KeysForTranslate */ = {
			isa = PBXGroup;
			children = (
				84A84B6024DED9FC001CCB2C /* KeysForTranslate.swift */,
			);
			path = KeysForTranslate;
			sourceTree = "<group>";
		};
		84A84B6224DEDB52001CCB2C /* Transitions */ = {
			isa = PBXGroup;
			children = (
				84A84B6324DEDB52001CCB2C /* ModalTransition.swift */,
				84A84B6424DEDB52001CCB2C /* PushTransition.swift */,
			);
			path = Transitions;
			sourceTree = "<group>";
		};
		84A84B6524DEDB53001CCB2C /* Router */ = {
			isa = PBXGroup;
			children = (
				84A84B6624DEDB53001CCB2C /* Router.swift */,
			);
			path = Router;
			sourceTree = "<group>";
		};
		84A84B6A24DEDB70001CCB2C /* ReuseIdentifierProtocol */ = {
			isa = PBXGroup;
			children = (
				84A84B7F24DEDBB4001CCB2C /* ReuseIdentifierProtocol.swift */,
			);
			path = ReuseIdentifierProtocol;
			sourceTree = "<group>";
		};
		84A84B6C24DEDB70001CCB2C /* Closable */ = {
			isa = PBXGroup;
			children = (
				84A84B6D24DEDB70001CCB2C /* Closable.swift */,
			);
			path = Closable;
			sourceTree = "<group>";
		};
		84A84B6E24DEDB70001CCB2C /* ConfigureProtocol */ = {
			isa = PBXGroup;
			children = (
				84A84B6F24DEDB70001CCB2C /* ConfigureProtocol.swift */,
			);
			path = ConfigureProtocol;
			sourceTree = "<group>";
		};
		84A84B7024DEDB71001CCB2C /* Routes */ = {
			isa = PBXGroup;
			children = (
				84A84B7124DEDB71001CCB2C /* Routes.swift */,
			);
			path = Routes;
			sourceTree = "<group>";
		};
		84A84B7224DEDB71001CCB2C /* Animator */ = {
			isa = PBXGroup;
			children = (
				84A84B7324DEDB71001CCB2C /* Animator.swift */,
			);
			path = Animator;
			sourceTree = "<group>";
		};
		84A84B7424DEDB71001CCB2C /* RouterProtocol */ = {
			isa = PBXGroup;
			children = (
				84A84B7524DEDB71001CCB2C /* RouterProtocol.swift */,
			);
			path = RouterProtocol;
			sourceTree = "<group>";
		};
		84A84B7624DEDB71001CCB2C /* Transition */ = {
			isa = PBXGroup;
			children = (
				84A84B7724DEDB72001CCB2C /* Transition.swift */,
			);
			path = Transition;
			sourceTree = "<group>";
		};
		84A84B8124DEDFB3001CCB2C /* Modules */ = {
			isa = PBXGroup;
			children = (
				84A84B8424DEDFD5001CCB2C /* DeviceList */,
			);
			path = Modules;
			sourceTree = "<group>";
		};
		84A84B8424DEDFD5001CCB2C /* DeviceList */ = {
			isa = PBXGroup;
			children = (
				84A84B8F24DEDFF7001CCB2C /* Module */,
				84A84B8E24DEDFF5001CCB2C /* Router */,
				84A84B8D24DEDFF0001CCB2C /* ViewModel */,
				84A84B8724DEDFED001CCB2C /* DeviceListViewController.swift */,
			);
			path = DeviceList;
			sourceTree = "<group>";
		};
		84A84B8D24DEDFF0001CCB2C /* ViewModel */ = {
			isa = PBXGroup;
			children = (
				84A84B8824DEDFED001CCB2C /* DeviceListViewModel.swift */,
			);
			path = ViewModel;
			sourceTree = "<group>";
		};
		84A84B8E24DEDFF5001CCB2C /* Router */ = {
			isa = PBXGroup;
			children = (
				84A84B8624DEDFED001CCB2C /* DeviceListRouter.swift */,
			);
			path = Router;
			sourceTree = "<group>";
		};
		84A84B8F24DEDFF7001CCB2C /* Module */ = {
			isa = PBXGroup;
			children = (
				84A84B8524DEDFED001CCB2C /* DeviceListModule.swift */,
			);
			path = Module;
			sourceTree = "<group>";
		};
		84A84B9024DEE1CE001CCB2C /* NavigationController */ = {
			isa = PBXGroup;
			children = (
				84A84B9124DEE1DD001CCB2C /* NavigationController.swift */,
			);
			path = NavigationController;
			sourceTree = "<group>";
		};
		9F990397BB57EC91D93D32FE /* Pods */ = {
			isa = PBXGroup;
			children = (
				A3A24EB29416DB900FC4499B /* Pods-Bluetooth-Peripheral-Scanner.debug.xcconfig */,
				E822A526E2E3B066C3F61EAC /* Pods-Bluetooth-Peripheral-Scanner.release.xcconfig */,
			);
			path = Pods;
			sourceTree = "<group>";
		};
/* End PBXGroup section */

/* Begin PBXNativeTarget section */
		84A84B2724DED3A7001CCB2C /* Bluetooth-Peripheral-Scanner */ = {
			isa = PBXNativeTarget;
			buildConfigurationList = 84A84B3C24DED3B0001CCB2C /* Build configuration list for PBXNativeTarget "Bluetooth-Peripheral-Scanner" */;
			buildPhases = (
				CB51DFCAE72C03D3E4DC2513 /* [CP] Check Pods Manifest.lock */,
				84A84B2424DED3A7001CCB2C /* Sources */,
				84A84B2524DED3A7001CCB2C /* Frameworks */,
				84A84B2624DED3A7001CCB2C /* Resources */,
				7B8AC838F11BE4C29B9FCF3D /* [CP] Embed Pods Frameworks */,
			);
			buildRules = (
			);
			dependencies = (
			);
			name = "Bluetooth-Peripheral-Scanner";
			productName = "Bluetooth-Peripheral-Scanner";
			productReference = 84A84B2824DED3A7001CCB2C /* Bluetooth-Peripheral-Scanner.app */;
			productType = "com.apple.product-type.application";
		};
/* End PBXNativeTarget section */

/* Begin PBXProject section */
		84A84B2024DED3A7001CCB2C /* Project object */ = {
			isa = PBXProject;
			attributes = {
				LastSwiftUpdateCheck = 1160;
				LastUpgradeCheck = 1160;
				ORGANIZATIONNAME = Admin;
				TargetAttributes = {
					84A84B2724DED3A7001CCB2C = {
						CreatedOnToolsVersion = 11.6;
					};
				};
			};
			buildConfigurationList = 84A84B2324DED3A7001CCB2C /* Build configuration list for PBXProject "Bluetooth-Peripheral-Scanner" */;
			compatibilityVersion = "Xcode 9.3";
			developmentRegion = en;
			hasScannedForEncodings = 0;
			knownRegions = (
				en,
				Base,
			);
			mainGroup = 84A84B1F24DED3A7001CCB2C;
			productRefGroup = 84A84B2924DED3A7001CCB2C /* Products */;
			projectDirPath = "";
			projectRoot = "";
			targets = (
				84A84B2724DED3A7001CCB2C /* Bluetooth-Peripheral-Scanner */,
			);
		};
/* End PBXProject section */

/* Begin PBXResourcesBuildPhase section */
		84A84B2624DED3A7001CCB2C /* Resources */ = {
			isa = PBXResourcesBuildPhase;
			buildActionMask = 2147483647;
			files = (
				84A84B3824DED3B0001CCB2C /* LaunchScreen.storyboard in Resources */,
				84A84B9324DEE3E0001CCB2C /* Localizable.strings in Resources */,
				84A84B3524DED3B0001CCB2C /* Assets.xcassets in Resources */,
			);
			runOnlyForDeploymentPostprocessing = 0;
		};
/* End PBXResourcesBuildPhase section */

/* Begin PBXShellScriptBuildPhase section */
		7B8AC838F11BE4C29B9FCF3D /* [CP] Embed Pods Frameworks */ = {
			isa = PBXShellScriptBuildPhase;
			buildActionMask = 2147483647;
			files = (
			);
			inputFileListPaths = (
				"${PODS_ROOT}/Target Support Files/Pods-Bluetooth-Peripheral-Scanner/Pods-Bluetooth-Peripheral-Scanner-frameworks-${CONFIGURATION}-input-files.xcfilelist",
			);
			name = "[CP] Embed Pods Frameworks";
			outputFileListPaths = (
				"${PODS_ROOT}/Target Support Files/Pods-Bluetooth-Peripheral-Scanner/Pods-Bluetooth-Peripheral-Scanner-frameworks-${CONFIGURATION}-output-files.xcfilelist",
			);
			runOnlyForDeploymentPostprocessing = 0;
			shellPath = /bin/sh;
			shellScript = "\"${PODS_ROOT}/Target Support Files/Pods-Bluetooth-Peripheral-Scanner/Pods-Bluetooth-Peripheral-Scanner-frameworks.sh\"\n";
			showEnvVarsInLog = 0;
		};
		CB51DFCAE72C03D3E4DC2513 /* [CP] Check Pods Manifest.lock */ = {
			isa = PBXShellScriptBuildPhase;
			buildActionMask = 2147483647;
			files = (
			);
			inputFileListPaths = (
			);
			inputPaths = (
				"${PODS_PODFILE_DIR_PATH}/Podfile.lock",
				"${PODS_ROOT}/Manifest.lock",
			);
			name = "[CP] Check Pods Manifest.lock";
			outputFileListPaths = (
			);
			outputPaths = (
				"$(DERIVED_FILE_DIR)/Pods-Bluetooth-Peripheral-Scanner-checkManifestLockResult.txt",
			);
			runOnlyForDeploymentPostprocessing = 0;
			shellPath = /bin/sh;
			shellScript = "diff \"${PODS_PODFILE_DIR_PATH}/Podfile.lock\" \"${PODS_ROOT}/Manifest.lock\" > /dev/null\nif [ $? != 0 ] ; then\n    # print error to STDERR\n    echo \"error: The sandbox is not in sync with the Podfile.lock. Run 'pod install' or update your CocoaPods installation.\" >&2\n    exit 1\nfi\n# This output is used by Xcode 'outputs' to avoid re-running this script phase.\necho \"SUCCESS\" > \"${SCRIPT_OUTPUT_FILE_0}\"\n";
			showEnvVarsInLog = 0;
		};
/* End PBXShellScriptBuildPhase section */

/* Begin PBXSourcesBuildPhase section */
		84A84B2424DED3A7001CCB2C /* Sources */ = {
			isa = PBXSourcesBuildPhase;
			buildActionMask = 2147483647;
			files = (
				84A84B7D24DEDB72001CCB2C /* RouterProtocol.swift in Sources */,
				84A84B9224DEE1DD001CCB2C /* NavigationController.swift in Sources */,
				84A84B8A24DEDFED001CCB2C /* DeviceListRouter.swift in Sources */,
				84A84B7924DEDB72001CCB2C /* Closable.swift in Sources */,
				84A84B4924DED6C7001CCB2C /* Dependencies.swift in Sources */,
				84A84B8924DEDFED001CCB2C /* DeviceListModule.swift in Sources */,
				84A84B5024DED770001CCB2C /* AppStyling.swift in Sources */,
				84A84B8B24DEDFED001CCB2C /* DeviceListViewController.swift in Sources */,
				84A84B8024DEDBB4001CCB2C /* ReuseIdentifierProtocol.swift in Sources */,
				84A84B6824DEDB54001CCB2C /* PushTransition.swift in Sources */,
				84A84B2C24DED3A7001CCB2C /* AppDelegate.swift in Sources */,
				84A84B6924DEDB54001CCB2C /* Router.swift in Sources */,
				84A84B6124DED9FC001CCB2C /* KeysForTranslate.swift in Sources */,
				84A84B4C24DED6E9001CCB2C /* RootViewController.swift in Sources */,
				84A84B7B24DEDB72001CCB2C /* Routes.swift in Sources */,
				84A84B7A24DEDB72001CCB2C /* ConfigureProtocol.swift in Sources */,
				84A84B5324DED88A001CCB2C /* String+Extension.swift in Sources */,
				84A84B5724DED8A3001CCB2C /* AppLanguage.swift in Sources */,
				84A84B7E24DEDB72001CCB2C /* Transition.swift in Sources */,
				84A84B7C24DEDB72001CCB2C /* Animator.swift in Sources */,
				84A84B8C24DEDFED001CCB2C /* DeviceListViewModel.swift in Sources */,
				84A84B5E24DED97D001CCB2C /* Localizable.swift in Sources */,
				84A84B6724DEDB54001CCB2C /* ModalTransition.swift in Sources */,
				84A84B4E24DED730001CCB2C /* Constants.swift in Sources */,
			);
			runOnlyForDeploymentPostprocessing = 0;
		};
/* End PBXSourcesBuildPhase section */

/* Begin PBXVariantGroup section */
		84A84B3624DED3B0001CCB2C /* LaunchScreen.storyboard */ = {
			isa = PBXVariantGroup;
			children = (
				84A84B3724DED3B0001CCB2C /* Base */,
			);
			name = LaunchScreen.storyboard;
			sourceTree = "<group>";
		};
		84A84B9524DEE3E0001CCB2C /* Localizable.strings */ = {
			isa = PBXVariantGroup;
			children = (
				84A84B9424DEE3E0001CCB2C /* en */,
			);
			name = Localizable.strings;
			sourceTree = "<group>";
		};
/* End PBXVariantGroup section */

/* Begin XCBuildConfiguration section */
		84A84B3A24DED3B0001CCB2C /* Debug */ = {
			isa = XCBuildConfiguration;
			buildSettings = {
				ALWAYS_SEARCH_USER_PATHS = NO;
				CLANG_ANALYZER_NONNULL = YES;
				CLANG_ANALYZER_NUMBER_OBJECT_CONVERSION = YES_AGGRESSIVE;
				CLANG_CXX_LANGUAGE_STANDARD = "gnu++14";
				CLANG_CXX_LIBRARY = "libc++";
				CLANG_ENABLE_MODULES = YES;
				CLANG_ENABLE_OBJC_ARC = YES;
				CLANG_ENABLE_OBJC_WEAK = YES;
				CLANG_WARN_BLOCK_CAPTURE_AUTORELEASING = YES;
				CLANG_WARN_BOOL_CONVERSION = YES;
				CLANG_WARN_COMMA = YES;
				CLANG_WARN_CONSTANT_CONVERSION = YES;
				CLANG_WARN_DEPRECATED_OBJC_IMPLEMENTATIONS = YES;
				CLANG_WARN_DIRECT_OBJC_ISA_USAGE = YES_ERROR;
				CLANG_WARN_DOCUMENTATION_COMMENTS = YES;
				CLANG_WARN_EMPTY_BODY = YES;
				CLANG_WARN_ENUM_CONVERSION = YES;
				CLANG_WARN_INFINITE_RECURSION = YES;
				CLANG_WARN_INT_CONVERSION = YES;
				CLANG_WARN_NON_LITERAL_NULL_CONVERSION = YES;
				CLANG_WARN_OBJC_IMPLICIT_RETAIN_SELF = YES;
				CLANG_WARN_OBJC_LITERAL_CONVERSION = YES;
				CLANG_WARN_OBJC_ROOT_CLASS = YES_ERROR;
				CLANG_WARN_RANGE_LOOP_ANALYSIS = YES;
				CLANG_WARN_STRICT_PROTOTYPES = YES;
				CLANG_WARN_SUSPICIOUS_MOVE = YES;
				CLANG_WARN_UNGUARDED_AVAILABILITY = YES_AGGRESSIVE;
				CLANG_WARN_UNREACHABLE_CODE = YES;
				CLANG_WARN__DUPLICATE_METHOD_MATCH = YES;
				COPY_PHASE_STRIP = NO;
				DEBUG_INFORMATION_FORMAT = dwarf;
				ENABLE_STRICT_OBJC_MSGSEND = YES;
				ENABLE_TESTABILITY = YES;
				GCC_C_LANGUAGE_STANDARD = gnu11;
				GCC_DYNAMIC_NO_PIC = NO;
				GCC_NO_COMMON_BLOCKS = YES;
				GCC_OPTIMIZATION_LEVEL = 0;
				GCC_PREPROCESSOR_DEFINITIONS = (
					"DEBUG=1",
					"$(inherited)",
				);
				GCC_WARN_64_TO_32_BIT_CONVERSION = YES;
				GCC_WARN_ABOUT_RETURN_TYPE = YES_ERROR;
				GCC_WARN_UNDECLARED_SELECTOR = YES;
				GCC_WARN_UNINITIALIZED_AUTOS = YES_AGGRESSIVE;
				GCC_WARN_UNUSED_FUNCTION = YES;
				GCC_WARN_UNUSED_VARIABLE = YES;
				IPHONEOS_DEPLOYMENT_TARGET = 12.0;
				MTL_ENABLE_DEBUG_INFO = INCLUDE_SOURCE;
				MTL_FAST_MATH = YES;
				ONLY_ACTIVE_ARCH = YES;
				SDKROOT = iphoneos;
				SWIFT_ACTIVE_COMPILATION_CONDITIONS = DEBUG;
				SWIFT_OPTIMIZATION_LEVEL = "-Onone";
			};
			name = Debug;
		};
		84A84B3B24DED3B0001CCB2C /* Release */ = {
			isa = XCBuildConfiguration;
			buildSettings = {
				ALWAYS_SEARCH_USER_PATHS = NO;
				CLANG_ANALYZER_NONNULL = YES;
				CLANG_ANALYZER_NUMBER_OBJECT_CONVERSION = YES_AGGRESSIVE;
				CLANG_CXX_LANGUAGE_STANDARD = "gnu++14";
				CLANG_CXX_LIBRARY = "libc++";
				CLANG_ENABLE_MODULES = YES;
				CLANG_ENABLE_OBJC_ARC = YES;
				CLANG_ENABLE_OBJC_WEAK = YES;
				CLANG_WARN_BLOCK_CAPTURE_AUTORELEASING = YES;
				CLANG_WARN_BOOL_CONVERSION = YES;
				CLANG_WARN_COMMA = YES;
				CLANG_WARN_CONSTANT_CONVERSION = YES;
				CLANG_WARN_DEPRECATED_OBJC_IMPLEMENTATIONS = YES;
				CLANG_WARN_DIRECT_OBJC_ISA_USAGE = YES_ERROR;
				CLANG_WARN_DOCUMENTATION_COMMENTS = YES;
				CLANG_WARN_EMPTY_BODY = YES;
				CLANG_WARN_ENUM_CONVERSION = YES;
				CLANG_WARN_INFINITE_RECURSION = YES;
				CLANG_WARN_INT_CONVERSION = YES;
				CLANG_WARN_NON_LITERAL_NULL_CONVERSION = YES;
				CLANG_WARN_OBJC_IMPLICIT_RETAIN_SELF = YES;
				CLANG_WARN_OBJC_LITERAL_CONVERSION = YES;
				CLANG_WARN_OBJC_ROOT_CLASS = YES_ERROR;
				CLANG_WARN_RANGE_LOOP_ANALYSIS = YES;
				CLANG_WARN_STRICT_PROTOTYPES = YES;
				CLANG_WARN_SUSPICIOUS_MOVE = YES;
				CLANG_WARN_UNGUARDED_AVAILABILITY = YES_AGGRESSIVE;
				CLANG_WARN_UNREACHABLE_CODE = YES;
				CLANG_WARN__DUPLICATE_METHOD_MATCH = YES;
				COPY_PHASE_STRIP = NO;
				DEBUG_INFORMATION_FORMAT = "dwarf-with-dsym";
				ENABLE_NS_ASSERTIONS = NO;
				ENABLE_STRICT_OBJC_MSGSEND = YES;
				GCC_C_LANGUAGE_STANDARD = gnu11;
				GCC_NO_COMMON_BLOCKS = YES;
				GCC_WARN_64_TO_32_BIT_CONVERSION = YES;
				GCC_WARN_ABOUT_RETURN_TYPE = YES_ERROR;
				GCC_WARN_UNDECLARED_SELECTOR = YES;
				GCC_WARN_UNINITIALIZED_AUTOS = YES_AGGRESSIVE;
				GCC_WARN_UNUSED_FUNCTION = YES;
				GCC_WARN_UNUSED_VARIABLE = YES;
				IPHONEOS_DEPLOYMENT_TARGET = 12.0;
				MTL_ENABLE_DEBUG_INFO = NO;
				MTL_FAST_MATH = YES;
				SDKROOT = iphoneos;
				SWIFT_COMPILATION_MODE = wholemodule;
				SWIFT_OPTIMIZATION_LEVEL = "-O";
				VALIDATE_PRODUCT = YES;
			};
			name = Release;
		};
		84A84B3D24DED3B0001CCB2C /* Debug */ = {
			isa = XCBuildConfiguration;
			baseConfigurationReference = A3A24EB29416DB900FC4499B /* Pods-Bluetooth-Peripheral-Scanner.debug.xcconfig */;
			buildSettings = {
				ASSETCATALOG_COMPILER_APPICON_NAME = AppIcon;
				CODE_SIGN_STYLE = Automatic;
				DEVELOPMENT_TEAM = BQUS6N5XQC;
				INFOPLIST_FILE = "Bluetooth-Peripheral-Scanner/Resources/InfoPlist/Info.plist";
				IPHONEOS_DEPLOYMENT_TARGET = 12.0;
				LD_RUNPATH_SEARCH_PATHS = (
					"$(inherited)",
					"@executable_path/Frameworks",
				);
				PRODUCT_BUNDLE_IDENTIFIER = "com.Admin.Bluetooth-Peripheral-Scanner";
				PRODUCT_NAME = "$(TARGET_NAME)";
				SWIFT_VERSION = 5.0;
				TARGETED_DEVICE_FAMILY = 1;
			};
			name = Debug;
		};
		84A84B3E24DED3B0001CCB2C /* Release */ = {
			isa = XCBuildConfiguration;
			baseConfigurationReference = E822A526E2E3B066C3F61EAC /* Pods-Bluetooth-Peripheral-Scanner.release.xcconfig */;
			buildSettings = {
				ASSETCATALOG_COMPILER_APPICON_NAME = AppIcon;
				CODE_SIGN_STYLE = Automatic;
				DEVELOPMENT_TEAM = BQUS6N5XQC;
				INFOPLIST_FILE = "Bluetooth-Peripheral-Scanner/Resources/InfoPlist/Info.plist";
				IPHONEOS_DEPLOYMENT_TARGET = 12.0;
				LD_RUNPATH_SEARCH_PATHS = (
					"$(inherited)",
					"@executable_path/Frameworks",
				);
				PRODUCT_BUNDLE_IDENTIFIER = "com.Admin.Bluetooth-Peripheral-Scanner";
				PRODUCT_NAME = "$(TARGET_NAME)";
				SWIFT_VERSION = 5.0;
				TARGETED_DEVICE_FAMILY = 1;
			};
			name = Release;
		};
/* End XCBuildConfiguration section */

/* Begin XCConfigurationList section */
		84A84B2324DED3A7001CCB2C /* Build configuration list for PBXProject "Bluetooth-Peripheral-Scanner" */ = {
			isa = XCConfigurationList;
			buildConfigurations = (
				84A84B3A24DED3B0001CCB2C /* Debug */,
				84A84B3B24DED3B0001CCB2C /* Release */,
			);
			defaultConfigurationIsVisible = 0;
			defaultConfigurationName = Release;
		};
		84A84B3C24DED3B0001CCB2C /* Build configuration list for PBXNativeTarget "Bluetooth-Peripheral-Scanner" */ = {
			isa = XCConfigurationList;
			buildConfigurations = (
				84A84B3D24DED3B0001CCB2C /* Debug */,
				84A84B3E24DED3B0001CCB2C /* Release */,
			);
			defaultConfigurationIsVisible = 0;
			defaultConfigurationName = Release;
		};
/* End XCConfigurationList section */
	};
	rootObject = 84A84B2024DED3A7001CCB2C /* Project object */;
}
